// !$*UTF8*$!
{
	archiveVersion = 1;
	classes = {
	};
	objectVersion = 50;
	objects = {

/* Begin PBXBuildFile section */
		34713FB627764149004DAED9 /* main.c in Sources */ = {isa = PBXBuildFile; fileRef = 34713FB527764149004DAED9 /* main.c */; };
		34713FFA277641A6004DAED9 /* rho_capture_test.c in Sources */ = {isa = PBXBuildFile; fileRef = 34713FF9277641A6004DAED9 /* rho_capture_test.c */; };
		34713FFD27764406004DAED9 /* rho_capture.c in Sources */ = {isa = PBXBuildFile; fileRef = 34713FFC27764406004DAED9 /* rho_capture.c */; };
/* End PBXBuildFile section */

/* Begin PBXCopyFilesBuildPhase section */
		34713FB027764148004DAED9 /* CopyFiles */ = {
			isa = PBXCopyFilesBuildPhase;
			buildActionMask = 2147483647;
			dstPath = /usr/share/man/man1/;
			dstSubfolderSpec = 0;
			files = (
			);
			runOnlyForDeploymentPostprocessing = 1;
		};
/* End PBXCopyFilesBuildPhase section */

/* Begin PBXFileReference section */
		34713FB227764148004DAED9 /* RhoTests */ = {isa = PBXFileReference; explicitFileType = "compiled.mach-o.executable"; includeInIndex = 0; path = RhoTests; sourceTree = BUILT_PRODUCTS_DIR; };
		34713FB527764149004DAED9 /* main.c */ = {isa = PBXFileReference; lastKnownFileType = sourcecode.c.c; path = main.c; sourceTree = "<group>"; };
		34713FF9277641A6004DAED9 /* rho_capture_test.c */ = {isa = PBXFileReference; fileEncoding = 4; lastKnownFileType = sourcecode.c.c; path = rho_capture_test.c; sourceTree = "<group>"; };
		34713FFB277643F4004DAED9 /* rho_capture.h */ = {isa = PBXFileReference; lastKnownFileType = sourcecode.c.h; path = rho_capture.h; sourceTree = "<group>"; };
		34713FFC27764406004DAED9 /* rho_capture.c */ = {isa = PBXFileReference; lastKnownFileType = sourcecode.c.c; path = rho_capture.c; sourceTree = "<group>"; };
/* End PBXFileReference section */

/* Begin PBXFrameworksBuildPhase section */
		34713FAF27764148004DAED9 /* Frameworks */ = {
			isa = PBXFrameworksBuildPhase;
			buildActionMask = 2147483647;
			files = (
			);
			runOnlyForDeploymentPostprocessing = 0;
		};
/* End PBXFrameworksBuildPhase section */

/* Begin PBXGroup section */
		34713FA927764148004DAED9 = {
			isa = PBXGroup;
			children = (
				34713FB427764148004DAED9 /* RhoTests */,
				34713FB327764148004DAED9 /* Products */,
			);
			sourceTree = "<group>";
		};
		34713FB327764148004DAED9 /* Products */ = {
			isa = PBXGroup;
			children = (
				34713FB227764148004DAED9 /* RhoTests */,
			);
			name = Products;
			sourceTree = "<group>";
		};
		34713FB427764148004DAED9 /* RhoTests */ = {
			isa = PBXGroup;
			children = (
				34713FBC27764185004DAED9 /* Rho */,
				34713FB527764149004DAED9 /* main.c */,
			);
			path = RhoTests;
			sourceTree = "<group>";
		};
		34713FBC27764185004DAED9 /* Rho */ = {
			isa = PBXGroup;
			children = (
				34713FCB27764185004DAED9 /* core */,
				34713FD327764185004DAED9 /* test */,
			);
			name = Rho;
			path = ../../..;
			sourceTree = "<group>";
		};
		34713FCB27764185004DAED9 /* core */ = {
			isa = PBXGroup;
			children = (
				34713FFB277643F4004DAED9 /* rho_capture.h */,
				34713FFC27764406004DAED9 /* rho_capture.c */,
			);
			path = core;
			sourceTree = "<group>";
		};
		34713FD327764185004DAED9 /* test */ = {
			isa = PBXGroup;
			children = (
				34713FF9277641A6004DAED9 /* rho_capture_test.c */,
			);
			path = test;
			sourceTree = "<group>";
		};
/* End PBXGroup section */

/* Begin PBXNativeTarget section */
		34713FB127764148004DAED9 /* RhoTests */ = {
			isa = PBXNativeTarget;
			buildConfigurationList = 34713FB927764149004DAED9 /* Build configuration list for PBXNativeTarget "RhoTests" */;
			buildPhases = (
				34713FAE27764148004DAED9 /* Sources */,
				34713FAF27764148004DAED9 /* Frameworks */,
				34713FB027764148004DAED9 /* CopyFiles */,
			);
			buildRules = (
			);
			dependencies = (
			);
			name = RhoTests;
			productName = RhoTests;
			productReference = 34713FB227764148004DAED9 /* RhoTests */;
			productType = "com.apple.product-type.tool";
		};
/* End PBXNativeTarget section */

/* Begin PBXProject section */
		34713FAA27764148004DAED9 /* Project object */ = {
			isa = PBXProject;
			attributes = {
				LastUpgradeCheck = 1130;
				ORGANIZATIONNAME = "Matthew Fonken";
				TargetAttributes = {
					34713FB127764148004DAED9 = {
						CreatedOnToolsVersion = 11.3.1;
					};
				};
			};
			buildConfigurationList = 34713FAD27764148004DAED9 /* Build configuration list for PBXProject "RhoTests" */;
			compatibilityVersion = "Xcode 9.3";
			developmentRegion = en;
			hasScannedForEncodings = 0;
			knownRegions = (
				en,
				Base,
			);
			mainGroup = 34713FA927764148004DAED9;
			productRefGroup = 34713FB327764148004DAED9 /* Products */;
			projectDirPath = "";
			projectRoot = "";
			targets = (
				34713FB127764148004DAED9 /* RhoTests */,
			);
		};
/* End PBXProject section */

/* Begin PBXSourcesBuildPhase section */
		34713FAE27764148004DAED9 /* Sources */ = {
			isa = PBXSourcesBuildPhase;
			buildActionMask = 2147483647;
			files = (
				34713FFA277641A6004DAED9 /* rho_capture_test.c in Sources */,
				34713FB627764149004DAED9 /* main.c in Sources */,
				34713FFD27764406004DAED9 /* rho_capture.c in Sources */,
			);
			runOnlyForDeploymentPostprocessing = 0;
		};
/* End PBXSourcesBuildPhase section */

/* Begin XCBuildConfiguration section */
		34713FB727764149004DAED9 /* Debug */ = {
			isa = XCBuildConfiguration;
			buildSettings = {
				ALWAYS_SEARCH_USER_PATHS = NO;
				CLANG_ANALYZER_NONNULL = YES;
				CLANG_ANALYZER_NUMBER_OBJECT_CONVERSION = YES_AGGRESSIVE;
				CLANG_CXX_LANGUAGE_STANDARD = "gnu++14";
				CLANG_CXX_LIBRARY = "libc++";
				CLANG_ENABLE_MODULES = YES;
				CLANG_ENABLE_OBJC_ARC = YES;
				CLANG_ENABLE_OBJC_WEAK = YES;
				CLANG_WARN_BLOCK_CAPTURE_AUTORELEASING = YES;
				CLANG_WARN_BOOL_CONVERSION = YES;
				CLANG_WARN_COMMA = YES;
				CLANG_WARN_CONSTANT_CONVERSION = YES;
				CLANG_WARN_DEPRECATED_OBJC_IMPLEMENTATIONS = YES;
				CLANG_WARN_DIRECT_OBJC_ISA_USAGE = YES_ERROR;
				CLANG_WARN_DOCUMENTATION_COMMENTS = YES;
				CLANG_WARN_EMPTY_BODY = YES;
				CLANG_WARN_ENUM_CONVERSION = YES;
				CLANG_WARN_INFINITE_RECURSION = YES;
				CLANG_WARN_INT_CONVERSION = YES;
				CLANG_WARN_NON_LITERAL_NULL_CONVERSION = YES;
				CLANG_WARN_OBJC_IMPLICIT_RETAIN_SELF = YES;
				CLANG_WARN_OBJC_LITERAL_CONVERSION = YES;
				CLANG_WARN_OBJC_ROOT_CLASS = YES_ERROR;
				CLANG_WARN_RANGE_LOOP_ANALYSIS = YES;
				CLANG_WARN_STRICT_PROTOTYPES = YES;
				CLANG_WARN_SUSPICIOUS_MOVE = YES;
				CLANG_WARN_UNGUARDED_AVAILABILITY = YES_AGGRESSIVE;
				CLANG_WARN_UNREACHABLE_CODE = YES;
				CLANG_WARN__DUPLICATE_METHOD_MATCH = YES;
				COPY_PHASE_STRIP = NO;
				DEBUG_INFORMATION_FORMAT = dwarf;
				ENABLE_STRICT_OBJC_MSGSEND = YES;
				ENABLE_TESTABILITY = YES;
				GCC_C_LANGUAGE_STANDARD = gnu11;
				GCC_DYNAMIC_NO_PIC = NO;
				GCC_NO_COMMON_BLOCKS = YES;
				GCC_OPTIMIZATION_LEVEL = 0;
				GCC_PREPROCESSOR_DEFINITIONS = (
					"DEBUG=1",
					"$(inherited)",
				);
				GCC_WARN_64_TO_32_BIT_CONVERSION = YES;
				GCC_WARN_ABOUT_RETURN_TYPE = YES_ERROR;
				GCC_WARN_UNDECLARED_SELECTOR = YES;
				GCC_WARN_UNINITIALIZED_AUTOS = YES_AGGRESSIVE;
				GCC_WARN_UNUSED_FUNCTION = YES;
				GCC_WARN_UNUSED_VARIABLE = YES;
				MACOSX_DEPLOYMENT_TARGET = 10.14;
				MTL_ENABLE_DEBUG_INFO = INCLUDE_SOURCE;
				MTL_FAST_MATH = YES;
				ONLY_ACTIVE_ARCH = YES;
				SDKROOT = macosx;
			};
			name = Debug;
		};
		34713FB827764149004DAED9 /* Release */ = {
			isa = XCBuildConfiguration;
			buildSettings = {
				ALWAYS_SEARCH_USER_PATHS = NO;
				CLANG_ANALYZER_NONNULL = YES;
				CLANG_ANALYZER_NUMBER_OBJECT_CONVERSION = YES_AGGRESSIVE;
				CLANG_CXX_LANGUAGE_STANDARD = "gnu++14";
				CLANG_CXX_LIBRARY = "libc++";
				CLANG_ENABLE_MODULES = YES;
				CLANG_ENABLE_OBJC_ARC = YES;
				CLANG_ENABLE_OBJC_WEAK = YES;
				CLANG_WARN_BLOCK_CAPTURE_AUTORELEASING = YES;
				CLANG_WARN_BOOL_CONVERSION = YES;
				CLANG_WARN_COMMA = YES;
				CLANG_WARN_CONSTANT_CONVERSION = YES;
				CLANG_WARN_DEPRECATED_OBJC_IMPLEMENTATIONS = YES;
				CLANG_WARN_DIRECT_OBJC_ISA_USAGE = YES_ERROR;
				CLANG_WARN_DOCUMENTATION_COMMENTS = YES;
				CLANG_WARN_EMPTY_BODY = YES;
				CLANG_WARN_ENUM_CONVERSION = YES;
				CLANG_WARN_INFINITE_RECURSION = YES;
				CLANG_WARN_INT_CONVERSION = YES;
				CLANG_WARN_NON_LITERAL_NULL_CONVERSION = YES;
				CLANG_WARN_OBJC_IMPLICIT_RETAIN_SELF = YES;
				CLANG_WARN_OBJC_LITERAL_CONVERSION = YES;
				CLANG_WARN_OBJC_ROOT_CLASS = YES_ERROR;
				CLANG_WARN_RANGE_LOOP_ANALYSIS = YES;
				CLANG_WARN_STRICT_PROTOTYPES = YES;
				CLANG_WARN_SUSPICIOUS_MOVE = YES;
				CLANG_WARN_UNGUARDED_AVAILABILITY = YES_AGGRESSIVE;
				CLANG_WARN_UNREACHABLE_CODE = YES;
				CLANG_WARN__DUPLICATE_METHOD_MATCH = YES;
				COPY_PHASE_STRIP = NO;
				DEBUG_INFORMATION_FORMAT = "dwarf-with-dsym";
				ENABLE_NS_ASSERTIONS = NO;
				ENABLE_STRICT_OBJC_MSGSEND = YES;
				GCC_C_LANGUAGE_STANDARD = gnu11;
				GCC_NO_COMMON_BLOCKS = YES;
				GCC_WARN_64_TO_32_BIT_CONVERSION = YES;
				GCC_WARN_ABOUT_RETURN_TYPE = YES_ERROR;
				GCC_WARN_UNDECLARED_SELECTOR = YES;
				GCC_WARN_UNINITIALIZED_AUTOS = YES_AGGRESSIVE;
				GCC_WARN_UNUSED_FUNCTION = YES;
				GCC_WARN_UNUSED_VARIABLE = YES;
				MACOSX_DEPLOYMENT_TARGET = 10.14;
				MTL_ENABLE_DEBUG_INFO = NO;
				MTL_FAST_MATH = YES;
				SDKROOT = macosx;
			};
			name = Release;
		};
		34713FBA27764149004DAED9 /* Debug */ = {
			isa = XCBuildConfiguration;
			buildSettings = {
				CODE_SIGN_STYLE = Automatic;
				GCC_PREPROCESSOR_DEFINITIONS = (
					STAND_ALONE,
					"$(inherited)",
				);
				HEADER_SEARCH_PATHS = "";
				MTL_ENABLE_DEBUG_INFO = INCLUDE_SOURCE;
				PRODUCT_NAME = "$(TARGET_NAME)";
			};
			name = Debug;
		};
		34713FBB27764149004DAED9 /* Release */ = {
			isa = XCBuildConfiguration;
			buildSettings = {
				CODE_SIGN_STYLE = Automatic;
				HEADER_SEARCH_PATHS = "";
				PRODUCT_NAME = "$(TARGET_NAME)";
			};
			name = Release;
		};
/* End XCBuildConfiguration section */

/* Begin XCConfigurationList section */
		34713FAD27764148004DAED9 /* Build configuration list for PBXProject "RhoTests" */ = {
			isa = XCConfigurationList;
			buildConfigurations = (
				34713FB727764149004DAED9 /* Debug */,
				34713FB827764149004DAED9 /* Release */,
			);
			defaultConfigurationIsVisible = 0;
			defaultConfigurationName = Release;
		};
		34713FB927764149004DAED9 /* Build configuration list for PBXNativeTarget "RhoTests" */ = {
			isa = XCConfigurationList;
			buildConfigurations = (
				34713FBA27764149004DAED9 /* Debug */,
				34713FBB27764149004DAED9 /* Release */,
			);
			defaultConfigurationIsVisible = 0;
			defaultConfigurationName = Release;
		};
/* End XCConfigurationList section */
	};
	rootObject = 34713FAA27764148004DAED9 /* Project object */;
}
